{
  "name": "dd-sdk-web",
  "version": "0.0.1",
  "lockfileVersion": 2,
  "requires": true,
  "packages": {
    "": {
      "name": "dd-sdk-web",
      "version": "0.0.1",
      "license": "ISC",
      "dependencies": {
        "dingtalk-jsapi": "^2.13.92"
      },
      "devDependencies": {
        "typescript": "^4.6.3"
      }
    },
    "node_modules/dingtalk-jsapi": {
      "version": "2.13.92",
      "resolved": "https://registry.npmjs.org/dingtalk-jsapi/-/dingtalk-jsapi-2.13.92.tgz",
      "integrity": "sha512-Qv5mrCGJH6a/Mc8d1Z6i1AroXbwvWsqjMBI/j8eGwSZx7tNjJpVJXKCErPcSH7oNlvJRPEd+Mh/zP1Z2qeTzsQ==",
      "dependencies": {
        "promise-polyfill": "^7.1.0"
      }
    },
    "node_modules/promise-polyfill": {
      "version": "7.1.2",
      "resolved": "https://registry.npmjs.org/promise-polyfill/-/promise-polyfill-7.1.2.tgz",
      "integrity": "sha512-FuEc12/eKqqoRYIGBrUptCBRhobL19PS2U31vMNTfyck1FxPyMfgsXyW4Mav85y/ZN1hop3hOwRlUDok23oYfQ=="
    },
    "node_modules/typescript": {
      "version": "4.6.3",
      "resolved": "https://registry.npmjs.org/typescript/-/typescript-4.6.3.tgz",
      "integrity": "sha512-yNIatDa5iaofVozS/uQJEl3JRWLKKGJKh6Yaiv0GLGSuhpFJe7P3SbHZ8/yjAHRQwKRoA6YZqlfjXWmVzoVSMw==",
      "dev": true,
      "bin": {
        "tsc": "bin/tsc",
        "tsserver": "bin/tsserver"
      },
      "engines": {
        "node": ">=4.2.0"
      }
    }
  },
  "dependencies": {
    "dingtalk-jsapi": {
      "version": "2.13.92",
      "resolved": "https://registry.npmjs.org/dingtalk-jsapi/-/dingtalk-jsapi-2.13.92.tgz",
      "integrity": "sha512-Qv5mrCGJH6a/Mc8d1Z6i1AroXbwvWsqjMBI/j8eGwSZx7tNjJpVJXKCErPcSH7oNlvJRPEd+Mh/zP1Z2qeTzsQ==",
      "requires": {
        "promise-polyfill": "^7.1.0"
      }
    },
    "promise-polyfill": {
      "version": "7.1.2",
      "resolved": "https://registry.npmjs.org/promise-polyfill/-/promise-polyfill-7.1.2.tgz",
      "integrity": "sha512-FuEc12/eKqqoRYIGBrUptCBRhobL19PS2U31vMNTfyck1FxPyMfgsXyW4Mav85y/ZN1hop3hOwRlUDok23oYfQ=="
    },
    "typescript": {
      "version": "4.6.3",
      "resolved": "https://registry.npmjs.org/typescript/-/typescript-4.6.3.tgz",
      "integrity": "sha512-yNIatDa5iaofVozS/uQJEl3JRWLKKGJKh6Yaiv0GLGSuhpFJe7P3SbHZ8/yjAHRQwKRoA6YZqlfjXWmVzoVSMw==",
      "dev": true
    }
  }
}
